PODS:
  - ATGMediaBrowser (1.0.1)
  - Cache (5.2.0)
  - CyaneaOctopus (0.3.1)
  - DataCompression (3.0.0)
  - Eureka (4.3.0)
  - FLEX (2.4.0)
  - FSPagerView (0.8.2)
  - Gallery (2.2.0)
  - GesturePassword (2.0.3)
  - GRDB.swift (3.5.0)
  - Hue (3.0.1)
  - ImageIOSwift_F2 (0.6.2)
  - Imaginary (4.2.0):
    - Cache (~> 5.0)
  - Lightbox (2.3.0):
    - Imaginary (~> 4.0)
  - ObjcExceptionBridging (1.0.1):
    - ObjcExceptionBridging/ObjcExceptionBridging (= 1.0.1)
  - ObjcExceptionBridging/ObjcExceptionBridging (1.0.1)
  - PureLayout (3.1.4)
  - SVProgressHUD (2.2.5)
  - SwiftEventBus (3.0.1)
  - SwiftPagingTabView (0.0.3):
    - PureLayout (~> 3.1.4)
  - SwiftyJSON (4.2.0)
  - SwipeSelectingCollectionView2 (0.1.8)
  - WechatOpenSDK (1.8.3)
  - XCGLogger (6.1.0):
    - XCGLogger/Core (= 6.1.0)
  - XCGLogger/Core (6.1.0):
    - ObjcExceptionBridging

DEPENDENCIES:
  - ATGMediaBrowser (~> 1.0)
  - Cache (from `./LocalPods/Cache`)
  - CyaneaOctopus
  - DataCompression
  - Eureka
  - FLEX (~> 2.0)
  - FSPagerView
  - Gallery (from `./LocalPods/Gallery`)
  - GesturePassword
  - GRDB.swift
  - Hue (from `./LocalPods/Hue`)
  - ImageIOSwift_F2 (from `/Users/sunyx/temp/ImageIOSwift/`)
  - Imaginary (from `./LocalPods/Imaginary`)
  - Lightbox (from `./LocalPods/Lightbox`)
  - PureLayout (~> 3.1.4)
  - SVProgressHUD (from `./LocalPods/SVProgressHUD`)
  - SwiftEventBus (from `https://github.com/cesarferreira/SwiftEventBus.git`, tag `3.0.1`)
  - SwiftPagingTabView (from `/Users/sunyx/workspace/ios/SwiftPagingTabView/`)
  - SwiftyJSON (~> 4.0)
  - SwipeSelectingCollectionView2
  - WechatOpenSDK
  - XCGLogger (~> 6.1.0)

SPEC REPOS:
  https://github.com/cocoapods/specs.git:
    - ATGMediaBrowser
    - CyaneaOctopus
    - DataCompression
    - Eureka
    - FLEX
    - FSPagerView
    - GesturePassword
    - GRDB.swift
    - ObjcExceptionBridging
    - PureLayout
    - SwiftyJSON
    - SwipeSelectingCollectionView2
    - WechatOpenSDK
    - XCGLogger

EXTERNAL SOURCES:
  Cache:
    :path: "./LocalPods/Cache"
  Gallery:
    :path: "./LocalPods/Gallery"
  Hue:
    :path: "./LocalPods/Hue"
  ImageIOSwift_F2:
    :path: "/Users/sunyx/temp/ImageIOSwift/"
  Imaginary:
    :path: "./LocalPods/Imaginary"
  Lightbox:
    :path: "./LocalPods/Lightbox"
  SVProgressHUD:
    :path: "./LocalPods/SVProgressHUD"
  SwiftEventBus:
    :git: https://github.com/cesarferreira/SwiftEventBus.git
    :tag: 3.0.1
  SwiftPagingTabView:
    :path: "/Users/sunyx/workspace/ios/SwiftPagingTabView/"

CHECKOUT OPTIONS:
  SwiftEventBus:
    :git: https://github.com/cesarferreira/SwiftEventBus.git
    :tag: 3.0.1

SPEC CHECKSUMS:
  ATGMediaBrowser: aade73960db4fc9e5c923ec133ee220a1bc9c4d1
  Cache: 9d4617a0dc37d72fb80030a70ef56072b1237b46
  CyaneaOctopus: 6f683b8cee6c372419993a0e7de240c599edef1c
  DataCompression: 4df426340ccbf53851df71dd652bd80d0ea47eb7
  Eureka: 6d711cb30ca333b4bc893110285a722ae3840114
  FLEX: bd1a39e55b56bb413b6f1b34b3c10a0dc44ef079
  FSPagerView: 816a18842306973cc7cc6df8a5332272f7815c30
  Gallery: 3c0e9fb00f1b0dddd7e9ec04576d6e1c69468f82
  GesturePassword: 1afc4fdb0ac87ed4f1c82a218d4c06b55a1c4c30
  GRDB.swift: 225cf9c1354753e92e20c2a1fa2912b924c9da6e
  Hue: 8c03f7aca9b9ef3a15052296bea5d60a3be56350
  ImageIOSwift_F2: 95e83b074c3b2203fb8ee7b7224422fbb380d7bc
  Imaginary: deadb35fdfc6cfbe25d1baf3f1e421929f577142
  Lightbox: 63b567b8aa7be5a786aa6a60f17b51efa5091b45
  ObjcExceptionBridging: c30e00eb3700467e695faeea30e26e18bd445001
  PureLayout: f08c01b8dec00bb14a1fefa3de4c7d9c265df85e
  SVProgressHUD: ad8ed6162dc5f477da7d4f395d4941ea9fdf36cb
  SwiftEventBus: 87ccaeceff91b748775e37751ae3a81ec815b3d5
  SwiftPagingTabView: 544939e3d90e21e76aa5067078f821c6deb80080
  SwiftyJSON: c4bcba26dd9ec7a027fc8eade48e2c911f229e96
  SwipeSelectingCollectionView2: 350a730b246b5201f347480490746bf338ccb265
  WechatOpenSDK: 3117412f8aafde4758cac1e8d20b93c67cafcfef
  XCGLogger: 7f7f43f15dfe3a305fa1342b7dc29af656289abd

PODFILE CHECKSUM: effd666cc02fb5898aa633d37f835dc4b47fc95a

COCOAPODS: 1.5.3
