// !$*UTF8*$!
{
	archiveVersion = 1;
	classes = {
	};
	objectVersion = 50;
	objects = {

/* Begin PBXBuildFile section */
		99C1C781143E962C0026C261 /* Pods_PhotoSaver.framework in Frameworks */ = {isa = PBXBuildFile; fileRef = A65C4A5B366CC035D7EAE227 /* Pods_PhotoSaver.framework */; };
		D941746B216AF4F800864119 /* AppDelegate.swift in Sources */ = {isa = PBXBuildFile; fileRef = D941746A216AF4F800864119 /* AppDelegate.swift */; };
		D9417472216AF4FA00864119 /* Assets.xcassets in Resources */ = {isa = PBXBuildFile; fileRef = D9417471216AF4FA00864119 /* Assets.xcassets */; };
		D9417475216AF4FA00864119 /* LaunchScreen.storyboard in Resources */ = {isa = PBXBuildFile; fileRef = D9417473216AF4FA00864119 /* LaunchScreen.storyboard */; };
		D976985221888EBD00F41403 /* ImageViewController.swift in Sources */ = {isa = PBXBuildFile; fileRef = D976985121888EBD00F41403 /* ImageViewController.swift */; };
		D976985421889D5500F41403 /* ImageViewCell.swift in Sources */ = {isa = PBXBuildFile; fileRef = D976985321889D5500F41403 /* ImageViewCell.swift */; };
		D97698562188A39D00F41403 /* ImageViewHeader.swift in Sources */ = {isa = PBXBuildFile; fileRef = D97698552188A39D00F41403 /* ImageViewHeader.swift */; };
		D9952E8C2182EBB800331CA4 /* ImageSection.swift in Sources */ = {isa = PBXBuildFile; fileRef = D9952E8B2182EBB800331CA4 /* ImageSection.swift */; };
		D99B39F02189E68B00425973 /* EmptyView.swift in Sources */ = {isa = PBXBuildFile; fileRef = D99B39EF2189E68B00425973 /* EmptyView.swift */; };
		D9D935F32181FEE100C91C5E /* HeaderCell.swift in Sources */ = {isa = PBXBuildFile; fileRef = D9D935F22181FEE100C91C5E /* HeaderCell.swift */; };
		D9FC118C216CDC50008E466E /* TabBarController.swift in Sources */ = {isa = PBXBuildFile; fileRef = D9FC118B216CDC50008E466E /* TabBarController.swift */; };
		D9FC118E216CDF15008E466E /* PhotoGalleryController.swift in Sources */ = {isa = PBXBuildFile; fileRef = D9FC118D216CDF15008E466E /* PhotoGalleryController.swift */; };
		D9FC124021777391008E466E /* PhotoGalleryView.swift in Sources */ = {isa = PBXBuildFile; fileRef = D9FC123F21777391008E466E /* PhotoGalleryView.swift */; };
		D9FC1242217773F1008E466E /* Config.swift in Sources */ = {isa = PBXBuildFile; fileRef = D9FC1241217773F1008E466E /* Config.swift */; };
		D9FC124421777F51008E466E /* ArrowButton.swift in Sources */ = {isa = PBXBuildFile; fileRef = D9FC124321777F51008E466E /* ArrowButton.swift */; };
		D9FC124821777FE6008E466E /* GalleryBundle.swift in Sources */ = {isa = PBXBuildFile; fileRef = D9FC124721777FE6008E466E /* GalleryBundle.swift */; };
		D9FC124A217780F8008E466E /* Permission.swift in Sources */ = {isa = PBXBuildFile; fileRef = D9FC1249217780F8008E466E /* Permission.swift */; };
		D9FC125821778399008E466E /* UIImageView+Extensions.swift in Sources */ = {isa = PBXBuildFile; fileRef = D9FC125121778399008E466E /* UIImageView+Extensions.swift */; };
		D9FC125A21778399008E466E /* UIView+Extensions.swift in Sources */ = {isa = PBXBuildFile; fileRef = D9FC125321778399008E466E /* UIView+Extensions.swift */; };
		D9FC125B21778399008E466E /* String+Extensions.swift in Sources */ = {isa = PBXBuildFile; fileRef = D9FC125421778399008E466E /* String+Extensions.swift */; };
		D9FC125C21778399008E466E /* AVAsset+Extensions.swift in Sources */ = {isa = PBXBuildFile; fileRef = D9FC125521778399008E466E /* AVAsset+Extensions.swift */; };
		D9FC125D21778399008E466E /* UIScrollView+Extensions.swift in Sources */ = {isa = PBXBuildFile; fileRef = D9FC125621778399008E466E /* UIScrollView+Extensions.swift */; };
		D9FC126421788D54008E466E /* Test.bundle in Resources */ = {isa = PBXBuildFile; fileRef = D9FC126321788D54008E466E /* Test.bundle */; };
		D9FC1265217891C4008E466E /* Gallery.bundle in Resources */ = {isa = PBXBuildFile; fileRef = D9FC124521777FA0008E466E /* Gallery.bundle */; };
		D9FC12692178CE92008E466E /* AlbumListController.swift in Sources */ = {isa = PBXBuildFile; fileRef = D9FC12682178CE92008E466E /* AlbumListController.swift */; };
		D9FC126B2178CF00008E466E /* AlbumListCell.swift in Sources */ = {isa = PBXBuildFile; fileRef = D9FC126A2178CF00008E466E /* AlbumListCell.swift */; };
		D9FC126D2178CF16008E466E /* Album.swift in Sources */ = {isa = PBXBuildFile; fileRef = D9FC126C2178CF16008E466E /* Album.swift */; };
		D9FC126F2178CF35008E466E /* Image.swift in Sources */ = {isa = PBXBuildFile; fileRef = D9FC126E2178CF35008E466E /* Image.swift */; };
		D9FC12712178CF7D008E466E /* Utils.swift in Sources */ = {isa = PBXBuildFile; fileRef = D9FC12702178CF7D008E466E /* Utils.swift */; };
		D9FC12732178D5DC008E466E /* ImageCell.swift in Sources */ = {isa = PBXBuildFile; fileRef = D9FC12722178D5DC008E466E /* ImageCell.swift */; };
		D9FC12752178D610008E466E /* FrameView.swift in Sources */ = {isa = PBXBuildFile; fileRef = D9FC12742178D610008E466E /* FrameView.swift */; };
		D9FC12772178D693008E466E /* ImagesLibrary.swift in Sources */ = {isa = PBXBuildFile; fileRef = D9FC12762178D693008E466E /* ImagesLibrary.swift */; };
		D9FC12792179BBD0008E466E /* RunOnce.swift in Sources */ = {isa = PBXBuildFile; fileRef = D9FC12782179BBD0008E466E /* RunOnce.swift */; };
		D9FC127D217AB331008E466E /* EventBus.swift in Sources */ = {isa = PBXBuildFile; fileRef = D9FC127C217AB331008E466E /* EventBus.swift */; };
		D9FC1282217CBF3C008E466E /* PageViewController.swift in Sources */ = {isa = PBXBuildFile; fileRef = D9FC1281217CBF3C008E466E /* PageViewController.swift */; };
		D9FC128D217CE3CF008E466E /* PageViewController2.swift in Sources */ = {isa = PBXBuildFile; fileRef = D9FC128C217CE3CF008E466E /* PageViewController2.swift */; };
/* End PBXBuildFile section */

/* Begin PBXFileReference section */
		3C51FF91ECB3F10DC73A053D /* Pods-PhotoSaver.debug.xcconfig */ = {isa = PBXFileReference; includeInIndex = 1; lastKnownFileType = text.xcconfig; name = "Pods-PhotoSaver.debug.xcconfig"; path = "Pods/Target Support Files/Pods-PhotoSaver/Pods-PhotoSaver.debug.xcconfig"; sourceTree = "<group>"; };
		A65C4A5B366CC035D7EAE227 /* Pods_PhotoSaver.framework */ = {isa = PBXFileReference; explicitFileType = wrapper.framework; includeInIndex = 0; path = Pods_PhotoSaver.framework; sourceTree = BUILT_PRODUCTS_DIR; };
		D4338ABDFDB6686B96883FC8 /* Pods-PhotoSaver.release.xcconfig */ = {isa = PBXFileReference; includeInIndex = 1; lastKnownFileType = text.xcconfig; name = "Pods-PhotoSaver.release.xcconfig"; path = "Pods/Target Support Files/Pods-PhotoSaver/Pods-PhotoSaver.release.xcconfig"; sourceTree = "<group>"; };
		D9417467216AF4F800864119 /* PhotoSaver.app */ = {isa = PBXFileReference; explicitFileType = wrapper.application; includeInIndex = 0; path = PhotoSaver.app; sourceTree = BUILT_PRODUCTS_DIR; };
		D941746A216AF4F800864119 /* AppDelegate.swift */ = {isa = PBXFileReference; lastKnownFileType = sourcecode.swift; path = AppDelegate.swift; sourceTree = "<group>"; };
		D9417471216AF4FA00864119 /* Assets.xcassets */ = {isa = PBXFileReference; lastKnownFileType = folder.assetcatalog; path = Assets.xcassets; sourceTree = "<group>"; };
		D9417474216AF4FA00864119 /* Base */ = {isa = PBXFileReference; lastKnownFileType = file.storyboard; name = Base; path = Base.lproj/LaunchScreen.storyboard; sourceTree = "<group>"; };
		D9417476216AF4FA00864119 /* Info.plist */ = {isa = PBXFileReference; lastKnownFileType = text.plist.xml; path = Info.plist; sourceTree = "<group>"; };
		D976985021888D8E00F41403 /* README.md */ = {isa = PBXFileReference; lastKnownFileType = net.daringfireball.markdown; path = README.md; sourceTree = "<group>"; };
		D976985121888EBD00F41403 /* ImageViewController.swift */ = {isa = PBXFileReference; fileEncoding = 4; lastKnownFileType = sourcecode.swift; path = ImageViewController.swift; sourceTree = "<group>"; };
		D976985321889D5500F41403 /* ImageViewCell.swift */ = {isa = PBXFileReference; lastKnownFileType = sourcecode.swift; path = ImageViewCell.swift; sourceTree = "<group>"; };
		D97698552188A39D00F41403 /* ImageViewHeader.swift */ = {isa = PBXFileReference; fileEncoding = 4; lastKnownFileType = sourcecode.swift; path = ImageViewHeader.swift; sourceTree = "<group>"; };
		D9952E8B2182EBB800331CA4 /* ImageSection.swift */ = {isa = PBXFileReference; lastKnownFileType = sourcecode.swift; path = ImageSection.swift; sourceTree = "<group>"; };
		D99B39EF2189E68B00425973 /* EmptyView.swift */ = {isa = PBXFileReference; lastKnownFileType = sourcecode.swift; path = EmptyView.swift; sourceTree = "<group>"; };
		D9D935F22181FEE100C91C5E /* HeaderCell.swift */ = {isa = PBXFileReference; lastKnownFileType = sourcecode.swift; path = HeaderCell.swift; sourceTree = "<group>"; };
		D9FC118B216CDC50008E466E /* TabBarController.swift */ = {isa = PBXFileReference; lastKnownFileType = sourcecode.swift; path = TabBarController.swift; sourceTree = "<group>"; };
		D9FC118D216CDF15008E466E /* PhotoGalleryController.swift */ = {isa = PBXFileReference; lastKnownFileType = sourcecode.swift; path = PhotoGalleryController.swift; sourceTree = "<group>"; };
		D9FC123F21777391008E466E /* PhotoGalleryView.swift */ = {isa = PBXFileReference; lastKnownFileType = sourcecode.swift; path = PhotoGalleryView.swift; sourceTree = "<group>"; };
		D9FC1241217773F1008E466E /* Config.swift */ = {isa = PBXFileReference; lastKnownFileType = sourcecode.swift; path = Config.swift; sourceTree = "<group>"; };
		D9FC124321777F51008E466E /* ArrowButton.swift */ = {isa = PBXFileReference; lastKnownFileType = sourcecode.swift; path = ArrowButton.swift; sourceTree = "<group>"; };
		D9FC124521777FA0008E466E /* Gallery.bundle */ = {isa = PBXFileReference; lastKnownFileType = "wrapper.plug-in"; path = Gallery.bundle; sourceTree = "<group>"; };
		D9FC124721777FE6008E466E /* GalleryBundle.swift */ = {isa = PBXFileReference; lastKnownFileType = sourcecode.swift; path = GalleryBundle.swift; sourceTree = "<group>"; };
		D9FC1249217780F8008E466E /* Permission.swift */ = {isa = PBXFileReference; lastKnownFileType = sourcecode.swift; path = Permission.swift; sourceTree = "<group>"; };
		D9FC125121778399008E466E /* UIImageView+Extensions.swift */ = {isa = PBXFileReference; fileEncoding = 4; lastKnownFileType = sourcecode.swift; path = "UIImageView+Extensions.swift"; sourceTree = "<group>"; };
		D9FC125321778399008E466E /* UIView+Extensions.swift */ = {isa = PBXFileReference; fileEncoding = 4; lastKnownFileType = sourcecode.swift; path = "UIView+Extensions.swift"; sourceTree = "<group>"; };
		D9FC125421778399008E466E /* String+Extensions.swift */ = {isa = PBXFileReference; fileEncoding = 4; lastKnownFileType = sourcecode.swift; path = "String+Extensions.swift"; sourceTree = "<group>"; };
		D9FC125521778399008E466E /* AVAsset+Extensions.swift */ = {isa = PBXFileReference; fileEncoding = 4; lastKnownFileType = sourcecode.swift; path = "AVAsset+Extensions.swift"; sourceTree = "<group>"; };
		D9FC125621778399008E466E /* UIScrollView+Extensions.swift */ = {isa = PBXFileReference; fileEncoding = 4; lastKnownFileType = sourcecode.swift; path = "UIScrollView+Extensions.swift"; sourceTree = "<group>"; };
		D9FC126321788D54008E466E /* Test.bundle */ = {isa = PBXFileReference; lastKnownFileType = "wrapper.plug-in"; path = Test.bundle; sourceTree = "<group>"; };
		D9FC12682178CE92008E466E /* AlbumListController.swift */ = {isa = PBXFileReference; lastKnownFileType = sourcecode.swift; path = AlbumListController.swift; sourceTree = "<group>"; };
		D9FC126A2178CF00008E466E /* AlbumListCell.swift */ = {isa = PBXFileReference; lastKnownFileType = sourcecode.swift; path = AlbumListCell.swift; sourceTree = "<group>"; };
		D9FC126C2178CF16008E466E /* Album.swift */ = {isa = PBXFileReference; lastKnownFileType = sourcecode.swift; path = Album.swift; sourceTree = "<group>"; };
		D9FC126E2178CF35008E466E /* Image.swift */ = {isa = PBXFileReference; lastKnownFileType = sourcecode.swift; path = Image.swift; sourceTree = "<group>"; };
		D9FC12702178CF7D008E466E /* Utils.swift */ = {isa = PBXFileReference; lastKnownFileType = sourcecode.swift; path = Utils.swift; sourceTree = "<group>"; };
		D9FC12722178D5DC008E466E /* ImageCell.swift */ = {isa = PBXFileReference; lastKnownFileType = sourcecode.swift; path = ImageCell.swift; sourceTree = "<group>"; };
		D9FC12742178D610008E466E /* FrameView.swift */ = {isa = PBXFileReference; lastKnownFileType = sourcecode.swift; path = FrameView.swift; sourceTree = "<group>"; };
		D9FC12762178D693008E466E /* ImagesLibrary.swift */ = {isa = PBXFileReference; lastKnownFileType = sourcecode.swift; path = ImagesLibrary.swift; sourceTree = "<group>"; };
		D9FC12782179BBD0008E466E /* RunOnce.swift */ = {isa = PBXFileReference; lastKnownFileType = sourcecode.swift; path = RunOnce.swift; sourceTree = "<group>"; };
		D9FC127C217AB331008E466E /* EventBus.swift */ = {isa = PBXFileReference; lastKnownFileType = sourcecode.swift; path = EventBus.swift; sourceTree = "<group>"; };
		D9FC1281217CBF3C008E466E /* PageViewController.swift */ = {isa = PBXFileReference; lastKnownFileType = sourcecode.swift; path = PageViewController.swift; sourceTree = "<group>"; };
		D9FC128C217CE3CF008E466E /* PageViewController2.swift */ = {isa = PBXFileReference; lastKnownFileType = sourcecode.swift; path = PageViewController2.swift; sourceTree = "<group>"; };
/* End PBXFileReference section */

/* Begin PBXFrameworksBuildPhase section */
		D9417464216AF4F800864119 /* Frameworks */ = {
			isa = PBXFrameworksBuildPhase;
			buildActionMask = 2147483647;
			files = (
				99C1C781143E962C0026C261 /* Pods_PhotoSaver.framework in Frameworks */,
			);
			runOnlyForDeploymentPostprocessing = 0;
		};
/* End PBXFrameworksBuildPhase section */

/* Begin PBXGroup section */
		50A32E7E0EA446AC746A48F8 /* Pods */ = {
			isa = PBXGroup;
			children = (
				3C51FF91ECB3F10DC73A053D /* Pods-PhotoSaver.debug.xcconfig */,
				D4338ABDFDB6686B96883FC8 /* Pods-PhotoSaver.release.xcconfig */,
			);
			name = Pods;
			sourceTree = "<group>";
		};
		679411D87F985A7FC08E3AF0 /* Frameworks */ = {
			isa = PBXGroup;
			children = (
				A65C4A5B366CC035D7EAE227 /* Pods_PhotoSaver.framework */,
			);
			name = Frameworks;
			sourceTree = "<group>";
		};
		D941745E216AF4F800864119 = {
			isa = PBXGroup;
			children = (
				D976985021888D8E00F41403 /* README.md */,
				D9FC1262217889C2008E466E /* Resources */,
				D9417469216AF4F800864119 /* PhotoSaver */,
				D9417468216AF4F800864119 /* Products */,
				50A32E7E0EA446AC746A48F8 /* Pods */,
				679411D87F985A7FC08E3AF0 /* Frameworks */,
			);
			sourceTree = "<group>";
		};
		D9417468216AF4F800864119 /* Products */ = {
			isa = PBXGroup;
			children = (
				D9417467216AF4F800864119 /* PhotoSaver.app */,
			);
			name = Products;
			sourceTree = "<group>";
		};
		D9417469216AF4F800864119 /* PhotoSaver */ = {
			isa = PBXGroup;
			children = (
				D9FC127A217A0C3A008E466E /* data */,
				D9952E8D2183088D00331CA4 /* viewer */,
				D9FC12672178A8CA008E466E /* common */,
				D9FC12662178A89C008E466E /* gallery */,
				D9FC124F21778399008E466E /* Extensions */,
				D941746A216AF4F800864119 /* AppDelegate.swift */,
				D9FC118B216CDC50008E466E /* TabBarController.swift */,
				D9417471216AF4FA00864119 /* Assets.xcassets */,
				D9417473216AF4FA00864119 /* LaunchScreen.storyboard */,
				D9417476216AF4FA00864119 /* Info.plist */,
				D9FC127C217AB331008E466E /* EventBus.swift */,
			);
			path = PhotoSaver;
			sourceTree = "<group>";
		};
		D9952E8D2183088D00331CA4 /* viewer */ = {
			isa = PBXGroup;
			children = (
				D976985121888EBD00F41403 /* ImageViewController.swift */,
				D976985321889D5500F41403 /* ImageViewCell.swift */,
				D97698552188A39D00F41403 /* ImageViewHeader.swift */,
			);
			path = viewer;
			sourceTree = "<group>";
		};
		D9FC124F21778399008E466E /* Extensions */ = {
			isa = PBXGroup;
			children = (
				D9FC125121778399008E466E /* UIImageView+Extensions.swift */,
				D9FC125321778399008E466E /* UIView+Extensions.swift */,
				D9FC125421778399008E466E /* String+Extensions.swift */,
				D9FC125521778399008E466E /* AVAsset+Extensions.swift */,
				D9FC125621778399008E466E /* UIScrollView+Extensions.swift */,
			);
			path = Extensions;
			sourceTree = "<group>";
		};
		D9FC1262217889C2008E466E /* Resources */ = {
			isa = PBXGroup;
			children = (
				D9FC124521777FA0008E466E /* Gallery.bundle */,
				D9FC126321788D54008E466E /* Test.bundle */,
			);
			path = Resources;
			sourceTree = "<group>";
		};
		D9FC12662178A89C008E466E /* gallery */ = {
			isa = PBXGroup;
			children = (
				D9FC127B217A1F1B008E466E /* album */,
				D9FC118D216CDF15008E466E /* PhotoGalleryController.swift */,
				D9FC123F21777391008E466E /* PhotoGalleryView.swift */,
				D9D935F22181FEE100C91C5E /* HeaderCell.swift */,
				D9FC12722178D5DC008E466E /* ImageCell.swift */,
				D9FC12742178D610008E466E /* FrameView.swift */,
				D9FC1281217CBF3C008E466E /* PageViewController.swift */,
				D9FC128C217CE3CF008E466E /* PageViewController2.swift */,
				D99B39EF2189E68B00425973 /* EmptyView.swift */,
			);
			path = gallery;
			sourceTree = "<group>";
		};
		D9FC12672178A8CA008E466E /* common */ = {
			isa = PBXGroup;
			children = (
				D9FC12702178CF7D008E466E /* Utils.swift */,
				D9FC1241217773F1008E466E /* Config.swift */,
				D9FC124721777FE6008E466E /* GalleryBundle.swift */,
				D9FC1249217780F8008E466E /* Permission.swift */,
				D9FC12782179BBD0008E466E /* RunOnce.swift */,
			);
			path = common;
			sourceTree = "<group>";
		};
		D9FC127A217A0C3A008E466E /* data */ = {
			isa = PBXGroup;
			children = (
				D9FC126E2178CF35008E466E /* Image.swift */,
				D9FC126C2178CF16008E466E /* Album.swift */,
				D9FC12762178D693008E466E /* ImagesLibrary.swift */,
				D9952E8B2182EBB800331CA4 /* ImageSection.swift */,
			);
			path = data;
			sourceTree = "<group>";
		};
		D9FC127B217A1F1B008E466E /* album */ = {
			isa = PBXGroup;
			children = (
				D9FC12682178CE92008E466E /* AlbumListController.swift */,
				D9FC126A2178CF00008E466E /* AlbumListCell.swift */,
				D9FC124321777F51008E466E /* ArrowButton.swift */,
			);
			path = album;
			sourceTree = "<group>";
		};
/* End PBXGroup section */

/* Begin PBXNativeTarget section */
		D9417466216AF4F800864119 /* PhotoSaver */ = {
			isa = PBXNativeTarget;
			buildConfigurationList = D941748F216AF4FA00864119 /* Build configuration list for PBXNativeTarget "PhotoSaver" */;
			buildPhases = (
				209930036E9081FFBD87C363 /* [CP] Check Pods Manifest.lock */,
				D9417463216AF4F800864119 /* Sources */,
				D9417464216AF4F800864119 /* Frameworks */,
				D9417465216AF4F800864119 /* Resources */,
				6C5BEA597D1BA4B02F668D2C /* [CP] Embed Pods Frameworks */,
			);
			buildRules = (
			);
			dependencies = (
			);
			name = PhotoSaver;
			productName = PhotoSaver;
			productReference = D9417467216AF4F800864119 /* PhotoSaver.app */;
			productType = "com.apple.product-type.application";
		};
/* End PBXNativeTarget section */

/* Begin PBXProject section */
		D941745F216AF4F800864119 /* Project object */ = {
			isa = PBXProject;
			attributes = {
				LastSwiftUpdateCheck = 1000;
				LastUpgradeCheck = 1000;
				ORGANIZATIONNAME = dragonetail;
				TargetAttributes = {
					D9417466216AF4F800864119 = {
						CreatedOnToolsVersion = 10.0;
					};
				};
			};
			buildConfigurationList = D9417462216AF4F800864119 /* Build configuration list for PBXProject "PhotoSaver" */;
			compatibilityVersion = "Xcode 9.3";
			developmentRegion = en;
			hasScannedForEncodings = 0;
			knownRegions = (
				en,
				Base,
			);
			mainGroup = D941745E216AF4F800864119;
			productRefGroup = D9417468216AF4F800864119 /* Products */;
			projectDirPath = "";
			projectRoot = "";
			targets = (
				D9417466216AF4F800864119 /* PhotoSaver */,
			);
		};
/* End PBXProject section */

/* Begin PBXResourcesBuildPhase section */
		D9417465216AF4F800864119 /* Resources */ = {
			isa = PBXResourcesBuildPhase;
			buildActionMask = 2147483647;
			files = (
				D9FC1265217891C4008E466E /* Gallery.bundle in Resources */,
				D9FC126421788D54008E466E /* Test.bundle in Resources */,
				D9417475216AF4FA00864119 /* LaunchScreen.storyboard in Resources */,
				D9417472216AF4FA00864119 /* Assets.xcassets in Resources */,
			);
			runOnlyForDeploymentPostprocessing = 0;
		};
/* End PBXResourcesBuildPhase section */

/* Begin PBXShellScriptBuildPhase section */
		209930036E9081FFBD87C363 /* [CP] Check Pods Manifest.lock */ = {
			isa = PBXShellScriptBuildPhase;
			buildActionMask = 2147483647;
			files = (
			);
			inputFileListPaths = (
			);
			inputPaths = (
				"${PODS_PODFILE_DIR_PATH}/Podfile.lock",
				"${PODS_ROOT}/Manifest.lock",
			);
			name = "[CP] Check Pods Manifest.lock";
			outputFileListPaths = (
			);
			outputPaths = (
				"$(DERIVED_FILE_DIR)/Pods-PhotoSaver-checkManifestLockResult.txt",
			);
			runOnlyForDeploymentPostprocessing = 0;
			shellPath = /bin/sh;
			shellScript = "diff \"${PODS_PODFILE_DIR_PATH}/Podfile.lock\" \"${PODS_ROOT}/Manifest.lock\" > /dev/null\nif [ $? != 0 ] ; then\n    # print error to STDERR\n    echo \"error: The sandbox is not in sync with the Podfile.lock. Run 'pod install' or update your CocoaPods installation.\" >&2\n    exit 1\nfi\n# This output is used by Xcode 'outputs' to avoid re-running this script phase.\necho \"SUCCESS\" > \"${SCRIPT_OUTPUT_FILE_0}\"\n";
			showEnvVarsInLog = 0;
		};
		6C5BEA597D1BA4B02F668D2C /* [CP] Embed Pods Frameworks */ = {
			isa = PBXShellScriptBuildPhase;
			buildActionMask = 2147483647;
			files = (
			);
			inputFileListPaths = (
			);
			inputPaths = (
				"${SRCROOT}/Pods/Target Support Files/Pods-PhotoSaver/Pods-PhotoSaver-frameworks.sh",
				"${BUILT_PRODUCTS_DIR}/ATGMediaBrowser/ATGMediaBrowser.framework",
				"${BUILT_PRODUCTS_DIR}/Cache/Cache.framework",
				"${BUILT_PRODUCTS_DIR}/FSPagerView/FSPagerView.framework",
				"${BUILT_PRODUCTS_DIR}/Gallery/Gallery.framework",
				"${BUILT_PRODUCTS_DIR}/Hue/Hue.framework",
				"${BUILT_PRODUCTS_DIR}/Imaginary/Imaginary.framework",
				"${BUILT_PRODUCTS_DIR}/Lightbox/Lightbox.framework",
				"${BUILT_PRODUCTS_DIR}/PureLayout/PureLayout.framework",
				"${BUILT_PRODUCTS_DIR}/SVProgressHUD/SVProgressHUD.framework",
				"${BUILT_PRODUCTS_DIR}/SwiftEventBus/SwiftEventBus.framework",
			);
			name = "[CP] Embed Pods Frameworks";
			outputFileListPaths = (
			);
			outputPaths = (
				"${TARGET_BUILD_DIR}/${FRAMEWORKS_FOLDER_PATH}/ATGMediaBrowser.framework",
				"${TARGET_BUILD_DIR}/${FRAMEWORKS_FOLDER_PATH}/Cache.framework",
				"${TARGET_BUILD_DIR}/${FRAMEWORKS_FOLDER_PATH}/FSPagerView.framework",
				"${TARGET_BUILD_DIR}/${FRAMEWORKS_FOLDER_PATH}/Gallery.framework",
				"${TARGET_BUILD_DIR}/${FRAMEWORKS_FOLDER_PATH}/Hue.framework",
				"${TARGET_BUILD_DIR}/${FRAMEWORKS_FOLDER_PATH}/Imaginary.framework",
				"${TARGET_BUILD_DIR}/${FRAMEWORKS_FOLDER_PATH}/Lightbox.framework",
				"${TARGET_BUILD_DIR}/${FRAMEWORKS_FOLDER_PATH}/PureLayout.framework",
				"${TARGET_BUILD_DIR}/${FRAMEWORKS_FOLDER_PATH}/SVProgressHUD.framework",
				"${TARGET_BUILD_DIR}/${FRAMEWORKS_FOLDER_PATH}/SwiftEventBus.framework",
			);
			runOnlyForDeploymentPostprocessing = 0;
			shellPath = /bin/sh;
			shellScript = "\"${SRCROOT}/Pods/Target Support Files/Pods-PhotoSaver/Pods-PhotoSaver-frameworks.sh\"\n";
			showEnvVarsInLog = 0;
		};
/* End PBXShellScriptBuildPhase section */

/* Begin PBXSourcesBuildPhase section */
		D9417463216AF4F800864119 /* Sources */ = {
			isa = PBXSourcesBuildPhase;
			buildActionMask = 2147483647;
			files = (
				D9FC12792179BBD0008E466E /* RunOnce.swift in Sources */,
				D9FC12752178D610008E466E /* FrameView.swift in Sources */,
				D9FC125A21778399008E466E /* UIView+Extensions.swift in Sources */,
				D9FC118C216CDC50008E466E /* TabBarController.swift in Sources */,
				D9FC12692178CE92008E466E /* AlbumListController.swift in Sources */,
				D9FC125C21778399008E466E /* AVAsset+Extensions.swift in Sources */,
				D9FC12712178CF7D008E466E /* Utils.swift in Sources */,
				D9FC126F2178CF35008E466E /* Image.swift in Sources */,
				D9FC124421777F51008E466E /* ArrowButton.swift in Sources */,
				D976985221888EBD00F41403 /* ImageViewController.swift in Sources */,
				D9952E8C2182EBB800331CA4 /* ImageSection.swift in Sources */,
				D9FC127D217AB331008E466E /* EventBus.swift in Sources */,
				D9FC118E216CDF15008E466E /* PhotoGalleryController.swift in Sources */,
				D9FC1282217CBF3C008E466E /* PageViewController.swift in Sources */,
				D9D935F32181FEE100C91C5E /* HeaderCell.swift in Sources */,
				D9FC125821778399008E466E /* UIImageView+Extensions.swift in Sources */,
				D9FC125D21778399008E466E /* UIScrollView+Extensions.swift in Sources */,
				D9FC1242217773F1008E466E /* Config.swift in Sources */,
				D9FC125B21778399008E466E /* String+Extensions.swift in Sources */,
				D97698562188A39D00F41403 /* ImageViewHeader.swift in Sources */,
				D9FC124A217780F8008E466E /* Permission.swift in Sources */,
				D9FC12772178D693008E466E /* ImagesLibrary.swift in Sources */,
				D99B39F02189E68B00425973 /* EmptyView.swift in Sources */,
				D9FC124021777391008E466E /* PhotoGalleryView.swift in Sources */,
				D941746B216AF4F800864119 /* AppDelegate.swift in Sources */,
				D9FC128D217CE3CF008E466E /* PageViewController2.swift in Sources */,
				D9FC12732178D5DC008E466E /* ImageCell.swift in Sources */,
				D9FC126B2178CF00008E466E /* AlbumListCell.swift in Sources */,
				D9FC124821777FE6008E466E /* GalleryBundle.swift in Sources */,
				D976985421889D5500F41403 /* ImageViewCell.swift in Sources */,
				D9FC126D2178CF16008E466E /* Album.swift in Sources */,
			);
			runOnlyForDeploymentPostprocessing = 0;
		};
/* End PBXSourcesBuildPhase section */

/* Begin PBXVariantGroup section */
		D9417473216AF4FA00864119 /* LaunchScreen.storyboard */ = {
			isa = PBXVariantGroup;
			children = (
				D9417474216AF4FA00864119 /* Base */,
			);
			name = LaunchScreen.storyboard;
			sourceTree = "<group>";
		};
/* End PBXVariantGroup section */

/* Begin XCBuildConfiguration section */
		D941748D216AF4FA00864119 /* Debug */ = {
			isa = XCBuildConfiguration;
			buildSettings = {
				ALWAYS_SEARCH_USER_PATHS = NO;
				CLANG_ANALYZER_NONNULL = YES;
				CLANG_ANALYZER_NUMBER_OBJECT_CONVERSION = YES_AGGRESSIVE;
				CLANG_CXX_LANGUAGE_STANDARD = "gnu++14";
				CLANG_CXX_LIBRARY = "libc++";
				CLANG_ENABLE_MODULES = YES;
				CLANG_ENABLE_OBJC_ARC = YES;
				CLANG_ENABLE_OBJC_WEAK = YES;
				CLANG_WARN_BLOCK_CAPTURE_AUTORELEASING = YES;
				CLANG_WARN_BOOL_CONVERSION = YES;
				CLANG_WARN_COMMA = YES;
				CLANG_WARN_CONSTANT_CONVERSION = YES;
				CLANG_WARN_DEPRECATED_OBJC_IMPLEMENTATIONS = YES;
				CLANG_WARN_DIRECT_OBJC_ISA_USAGE = YES_ERROR;
				CLANG_WARN_DOCUMENTATION_COMMENTS = YES;
				CLANG_WARN_EMPTY_BODY = YES;
				CLANG_WARN_ENUM_CONVERSION = YES;
				CLANG_WARN_INFINITE_RECURSION = YES;
				CLANG_WARN_INT_CONVERSION = YES;
				CLANG_WARN_NON_LITERAL_NULL_CONVERSION = YES;
				CLANG_WARN_OBJC_IMPLICIT_RETAIN_SELF = YES;
				CLANG_WARN_OBJC_LITERAL_CONVERSION = YES;
				CLANG_WARN_OBJC_ROOT_CLASS = YES_ERROR;
				CLANG_WARN_RANGE_LOOP_ANALYSIS = YES;
				CLANG_WARN_STRICT_PROTOTYPES = YES;
				CLANG_WARN_SUSPICIOUS_MOVE = YES;
				CLANG_WARN_UNGUARDED_AVAILABILITY = YES_AGGRESSIVE;
				CLANG_WARN_UNREACHABLE_CODE = YES;
				CLANG_WARN__DUPLICATE_METHOD_MATCH = YES;
				CODE_SIGN_IDENTITY = "iPhone Developer";
				COPY_PHASE_STRIP = NO;
				DEBUG_INFORMATION_FORMAT = dwarf;
				ENABLE_STRICT_OBJC_MSGSEND = YES;
				ENABLE_TESTABILITY = YES;
				GCC_C_LANGUAGE_STANDARD = gnu11;
				GCC_DYNAMIC_NO_PIC = NO;
				GCC_NO_COMMON_BLOCKS = YES;
				GCC_OPTIMIZATION_LEVEL = 0;
				GCC_PREPROCESSOR_DEFINITIONS = (
					"DEBUG=1",
					"$(inherited)",
				);
				GCC_WARN_64_TO_32_BIT_CONVERSION = YES;
				GCC_WARN_ABOUT_RETURN_TYPE = YES_ERROR;
				GCC_WARN_UNDECLARED_SELECTOR = YES;
				GCC_WARN_UNINITIALIZED_AUTOS = YES_AGGRESSIVE;
				GCC_WARN_UNUSED_FUNCTION = YES;
				GCC_WARN_UNUSED_VARIABLE = YES;
				IPHONEOS_DEPLOYMENT_TARGET = 12.0;
				MTL_ENABLE_DEBUG_INFO = INCLUDE_SOURCE;
				MTL_FAST_MATH = YES;
				ONLY_ACTIVE_ARCH = YES;
				SDKROOT = iphoneos;
				SWIFT_ACTIVE_COMPILATION_CONDITIONS = DEBUG;
				SWIFT_OPTIMIZATION_LEVEL = "-Onone";
			};
			name = Debug;
		};
		D941748E216AF4FA00864119 /* Release */ = {
			isa = XCBuildConfiguration;
			buildSettings = {
				ALWAYS_SEARCH_USER_PATHS = NO;
				CLANG_ANALYZER_NONNULL = YES;
				CLANG_ANALYZER_NUMBER_OBJECT_CONVERSION = YES_AGGRESSIVE;
				CLANG_CXX_LANGUAGE_STANDARD = "gnu++14";
				CLANG_CXX_LIBRARY = "libc++";
				CLANG_ENABLE_MODULES = YES;
				CLANG_ENABLE_OBJC_ARC = YES;
				CLANG_ENABLE_OBJC_WEAK = YES;
				CLANG_WARN_BLOCK_CAPTURE_AUTORELEASING = YES;
				CLANG_WARN_BOOL_CONVERSION = YES;
				CLANG_WARN_COMMA = YES;
				CLANG_WARN_CONSTANT_CONVERSION = YES;
				CLANG_WARN_DEPRECATED_OBJC_IMPLEMENTATIONS = YES;
				CLANG_WARN_DIRECT_OBJC_ISA_USAGE = YES_ERROR;
				CLANG_WARN_DOCUMENTATION_COMMENTS = YES;
				CLANG_WARN_EMPTY_BODY = YES;
				CLANG_WARN_ENUM_CONVERSION = YES;
				CLANG_WARN_INFINITE_RECURSION = YES;
				CLANG_WARN_INT_CONVERSION = YES;
				CLANG_WARN_NON_LITERAL_NULL_CONVERSION = YES;
				CLANG_WARN_OBJC_IMPLICIT_RETAIN_SELF = YES;
				CLANG_WARN_OBJC_LITERAL_CONVERSION = YES;
				CLANG_WARN_OBJC_ROOT_CLASS = YES_ERROR;
				CLANG_WARN_RANGE_LOOP_ANALYSIS = YES;
				CLANG_WARN_STRICT_PROTOTYPES = YES;
				CLANG_WARN_SUSPICIOUS_MOVE = YES;
				CLANG_WARN_UNGUARDED_AVAILABILITY = YES_AGGRESSIVE;
				CLANG_WARN_UNREACHABLE_CODE = YES;
				CLANG_WARN__DUPLICATE_METHOD_MATCH = YES;
				CODE_SIGN_IDENTITY = "iPhone Developer";
				COPY_PHASE_STRIP = NO;
				DEBUG_INFORMATION_FORMAT = "dwarf-with-dsym";
				ENABLE_NS_ASSERTIONS = NO;
				ENABLE_STRICT_OBJC_MSGSEND = YES;
				GCC_C_LANGUAGE_STANDARD = gnu11;
				GCC_NO_COMMON_BLOCKS = YES;
				GCC_WARN_64_TO_32_BIT_CONVERSION = YES;
				GCC_WARN_ABOUT_RETURN_TYPE = YES_ERROR;
				GCC_WARN_UNDECLARED_SELECTOR = YES;
				GCC_WARN_UNINITIALIZED_AUTOS = YES_AGGRESSIVE;
				GCC_WARN_UNUSED_FUNCTION = YES;
				GCC_WARN_UNUSED_VARIABLE = YES;
				IPHONEOS_DEPLOYMENT_TARGET = 12.0;
				MTL_ENABLE_DEBUG_INFO = NO;
				MTL_FAST_MATH = YES;
				SDKROOT = iphoneos;
				SWIFT_COMPILATION_MODE = wholemodule;
				SWIFT_OPTIMIZATION_LEVEL = "-O";
				VALIDATE_PRODUCT = YES;
			};
			name = Release;
		};
		D9417490216AF4FA00864119 /* Debug */ = {
			isa = XCBuildConfiguration;
			baseConfigurationReference = 3C51FF91ECB3F10DC73A053D /* Pods-PhotoSaver.debug.xcconfig */;
			buildSettings = {
				ASSETCATALOG_COMPILER_APPICON_NAME = AppIcon;
				CODE_SIGN_STYLE = Automatic;
				DEVELOPMENT_TEAM = 7G352XQC3N;
				INFOPLIST_FILE = PhotoSaver/Info.plist;
				LD_RUNPATH_SEARCH_PATHS = (
					"$(inherited)",
					"@executable_path/Frameworks",
				);
				PRODUCT_BUNDLE_IDENTIFIER = com.lds.PhotoSaver;
				PRODUCT_NAME = "$(TARGET_NAME)";
				SWIFT_VERSION = 4.2;
				TARGETED_DEVICE_FAMILY = "1,2";
			};
			name = Debug;
		};
		D9417491216AF4FA00864119 /* Release */ = {
			isa = XCBuildConfiguration;
			baseConfigurationReference = D4338ABDFDB6686B96883FC8 /* Pods-PhotoSaver.release.xcconfig */;
			buildSettings = {
				ASSETCATALOG_COMPILER_APPICON_NAME = AppIcon;
				CODE_SIGN_STYLE = Automatic;
				DEVELOPMENT_TEAM = 7G352XQC3N;
				INFOPLIST_FILE = PhotoSaver/Info.plist;
				LD_RUNPATH_SEARCH_PATHS = (
					"$(inherited)",
					"@executable_path/Frameworks",
				);
				PRODUCT_BUNDLE_IDENTIFIER = com.lds.PhotoSaver;
				PRODUCT_NAME = "$(TARGET_NAME)";
				SWIFT_VERSION = 4.2;
				TARGETED_DEVICE_FAMILY = "1,2";
			};
			name = Release;
		};
/* End XCBuildConfiguration section */

/* Begin XCConfigurationList section */
		D9417462216AF4F800864119 /* Build configuration list for PBXProject "PhotoSaver" */ = {
			isa = XCConfigurationList;
			buildConfigurations = (
				D941748D216AF4FA00864119 /* Debug */,
				D941748E216AF4FA00864119 /* Release */,
			);
			defaultConfigurationIsVisible = 0;
			defaultConfigurationName = Release;
		};
		D941748F216AF4FA00864119 /* Build configuration list for PBXNativeTarget "PhotoSaver" */ = {
			isa = XCConfigurationList;
			buildConfigurations = (
				D9417490216AF4FA00864119 /* Debug */,
				D9417491216AF4FA00864119 /* Release */,
			);
			defaultConfigurationIsVisible = 0;
			defaultConfigurationName = Release;
		};
/* End XCConfigurationList section */
	};
	rootObject = D941745F216AF4F800864119 /* Project object */;
}
