// !$*UTF8*$!
{
	archiveVersion = 1;
	classes = {
	};
	objectVersion = 50;
	objects = {

/* Begin PBXBuildFile section */
		D94ACF7E216B79B500A942FA /* AppDelegate.swift in Sources */ = {isa = PBXBuildFile; fileRef = D94ACF7D216B79B500A942FA /* AppDelegate.swift */; };
		D94ACF80216B79B500A942FA /* ViewController.swift in Sources */ = {isa = PBXBuildFile; fileRef = D94ACF7F216B79B500A942FA /* ViewController.swift */; };
		D94ACF83216B79B500A942FA /* Main.storyboard in Resources */ = {isa = PBXBuildFile; fileRef = D94ACF81216B79B500A942FA /* Main.storyboard */; };
		D94ACF85216B79B600A942FA /* Assets.xcassets in Resources */ = {isa = PBXBuildFile; fileRef = D94ACF84216B79B600A942FA /* Assets.xcassets */; };
		D94ACF88216B79B600A942FA /* LaunchScreen.storyboard in Resources */ = {isa = PBXBuildFile; fileRef = D94ACF86216B79B600A942FA /* LaunchScreen.storyboard */; };
		D94ACF93216B79B600A942FA /* PhotoGalleryTests.swift in Sources */ = {isa = PBXBuildFile; fileRef = D94ACF92216B79B600A942FA /* PhotoGalleryTests.swift */; };
		D94ACF9E216B79B600A942FA /* PhotoGalleryUITests.swift in Sources */ = {isa = PBXBuildFile; fileRef = D94ACF9D216B79B600A942FA /* PhotoGalleryUITests.swift */; };
/* End PBXBuildFile section */

/* Begin PBXContainerItemProxy section */
		D94ACF8F216B79B600A942FA /* PBXContainerItemProxy */ = {
			isa = PBXContainerItemProxy;
			containerPortal = D94ACF72216B79B500A942FA /* Project object */;
			proxyType = 1;
			remoteGlobalIDString = D94ACF79216B79B500A942FA;
			remoteInfo = PhotoGallery;
		};
		D94ACF9A216B79B600A942FA /* PBXContainerItemProxy */ = {
			isa = PBXContainerItemProxy;
			containerPortal = D94ACF72216B79B500A942FA /* Project object */;
			proxyType = 1;
			remoteGlobalIDString = D94ACF79216B79B500A942FA;
			remoteInfo = PhotoGallery;
		};
/* End PBXContainerItemProxy section */

/* Begin PBXFileReference section */
		D94ACF7A216B79B500A942FA /* PhotoGallery.app */ = {isa = PBXFileReference; explicitFileType = wrapper.application; includeInIndex = 0; path = PhotoGallery.app; sourceTree = BUILT_PRODUCTS_DIR; };
		D94ACF7D216B79B500A942FA /* AppDelegate.swift */ = {isa = PBXFileReference; lastKnownFileType = sourcecode.swift; path = AppDelegate.swift; sourceTree = "<group>"; };
		D94ACF7F216B79B500A942FA /* ViewController.swift */ = {isa = PBXFileReference; lastKnownFileType = sourcecode.swift; path = ViewController.swift; sourceTree = "<group>"; };
		D94ACF82216B79B500A942FA /* Base */ = {isa = PBXFileReference; lastKnownFileType = file.storyboard; name = Base; path = Base.lproj/Main.storyboard; sourceTree = "<group>"; };
		D94ACF84216B79B600A942FA /* Assets.xcassets */ = {isa = PBXFileReference; lastKnownFileType = folder.assetcatalog; path = Assets.xcassets; sourceTree = "<group>"; };
		D94ACF87216B79B600A942FA /* Base */ = {isa = PBXFileReference; lastKnownFileType = file.storyboard; name = Base; path = Base.lproj/LaunchScreen.storyboard; sourceTree = "<group>"; };
		D94ACF89216B79B600A942FA /* Info.plist */ = {isa = PBXFileReference; lastKnownFileType = text.plist.xml; path = Info.plist; sourceTree = "<group>"; };
		D94ACF8E216B79B600A942FA /* PhotoGalleryTests.xctest */ = {isa = PBXFileReference; explicitFileType = wrapper.cfbundle; includeInIndex = 0; path = PhotoGalleryTests.xctest; sourceTree = BUILT_PRODUCTS_DIR; };
		D94ACF92216B79B600A942FA /* PhotoGalleryTests.swift */ = {isa = PBXFileReference; lastKnownFileType = sourcecode.swift; path = PhotoGalleryTests.swift; sourceTree = "<group>"; };
		D94ACF94216B79B600A942FA /* Info.plist */ = {isa = PBXFileReference; lastKnownFileType = text.plist.xml; path = Info.plist; sourceTree = "<group>"; };
		D94ACF99216B79B600A942FA /* PhotoGalleryUITests.xctest */ = {isa = PBXFileReference; explicitFileType = wrapper.cfbundle; includeInIndex = 0; path = PhotoGalleryUITests.xctest; sourceTree = BUILT_PRODUCTS_DIR; };
		D94ACF9D216B79B600A942FA /* PhotoGalleryUITests.swift */ = {isa = PBXFileReference; lastKnownFileType = sourcecode.swift; path = PhotoGalleryUITests.swift; sourceTree = "<group>"; };
		D94ACF9F216B79B600A942FA /* Info.plist */ = {isa = PBXFileReference; lastKnownFileType = text.plist.xml; path = Info.plist; sourceTree = "<group>"; };
/* End PBXFileReference section */

/* Begin PBXFrameworksBuildPhase section */
		D94ACF77216B79B500A942FA /* Frameworks */ = {
			isa = PBXFrameworksBuildPhase;
			buildActionMask = 2147483647;
			files = (
			);
			runOnlyForDeploymentPostprocessing = 0;
		};
		D94ACF8B216B79B600A942FA /* Frameworks */ = {
			isa = PBXFrameworksBuildPhase;
			buildActionMask = 2147483647;
			files = (
			);
			runOnlyForDeploymentPostprocessing = 0;
		};
		D94ACF96216B79B600A942FA /* Frameworks */ = {
			isa = PBXFrameworksBuildPhase;
			buildActionMask = 2147483647;
			files = (
			);
			runOnlyForDeploymentPostprocessing = 0;
		};
/* End PBXFrameworksBuildPhase section */

/* Begin PBXGroup section */
		D94ACF71216B79B500A942FA = {
			isa = PBXGroup;
			children = (
				D94ACF7C216B79B500A942FA /* PhotoGallery */,
				D94ACF91216B79B600A942FA /* PhotoGalleryTests */,
				D94ACF9C216B79B600A942FA /* PhotoGalleryUITests */,
				D94ACF7B216B79B500A942FA /* Products */,
			);
			sourceTree = "<group>";
		};
		D94ACF7B216B79B500A942FA /* Products */ = {
			isa = PBXGroup;
			children = (
				D94ACF7A216B79B500A942FA /* PhotoGallery.app */,
				D94ACF8E216B79B600A942FA /* PhotoGalleryTests.xctest */,
				D94ACF99216B79B600A942FA /* PhotoGalleryUITests.xctest */,
			);
			name = Products;
			sourceTree = "<group>";
		};
		D94ACF7C216B79B500A942FA /* PhotoGallery */ = {
			isa = PBXGroup;
			children = (
				D94ACF7D216B79B500A942FA /* AppDelegate.swift */,
				D94ACF7F216B79B500A942FA /* ViewController.swift */,
				D94ACF81216B79B500A942FA /* Main.storyboard */,
				D94ACF84216B79B600A942FA /* Assets.xcassets */,
				D94ACF86216B79B600A942FA /* LaunchScreen.storyboard */,
				D94ACF89216B79B600A942FA /* Info.plist */,
			);
			path = PhotoGallery;
			sourceTree = "<group>";
		};
		D94ACF91216B79B600A942FA /* PhotoGalleryTests */ = {
			isa = PBXGroup;
			children = (
				D94ACF92216B79B600A942FA /* PhotoGalleryTests.swift */,
				D94ACF94216B79B600A942FA /* Info.plist */,
			);
			path = PhotoGalleryTests;
			sourceTree = "<group>";
		};
		D94ACF9C216B79B600A942FA /* PhotoGalleryUITests */ = {
			isa = PBXGroup;
			children = (
				D94ACF9D216B79B600A942FA /* PhotoGalleryUITests.swift */,
				D94ACF9F216B79B600A942FA /* Info.plist */,
			);
			path = PhotoGalleryUITests;
			sourceTree = "<group>";
		};
/* End PBXGroup section */

/* Begin PBXNativeTarget section */
		D94ACF79216B79B500A942FA /* PhotoGallery */ = {
			isa = PBXNativeTarget;
			buildConfigurationList = D94ACFA2216B79B600A942FA /* Build configuration list for PBXNativeTarget "PhotoGallery" */;
			buildPhases = (
				D94ACF76216B79B500A942FA /* Sources */,
				D94ACF77216B79B500A942FA /* Frameworks */,
				D94ACF78216B79B500A942FA /* Resources */,
			);
			buildRules = (
			);
			dependencies = (
			);
			name = PhotoGallery;
			productName = PhotoGallery;
			productReference = D94ACF7A216B79B500A942FA /* PhotoGallery.app */;
			productType = "com.apple.product-type.application";
		};
		D94ACF8D216B79B600A942FA /* PhotoGalleryTests */ = {
			isa = PBXNativeTarget;
			buildConfigurationList = D94ACFA5216B79B600A942FA /* Build configuration list for PBXNativeTarget "PhotoGalleryTests" */;
			buildPhases = (
				D94ACF8A216B79B600A942FA /* Sources */,
				D94ACF8B216B79B600A942FA /* Frameworks */,
				D94ACF8C216B79B600A942FA /* Resources */,
			);
			buildRules = (
			);
			dependencies = (
				D94ACF90216B79B600A942FA /* PBXTargetDependency */,
			);
			name = PhotoGalleryTests;
			productName = PhotoGalleryTests;
			productReference = D94ACF8E216B79B600A942FA /* PhotoGalleryTests.xctest */;
			productType = "com.apple.product-type.bundle.unit-test";
		};
		D94ACF98216B79B600A942FA /* PhotoGalleryUITests */ = {
			isa = PBXNativeTarget;
			buildConfigurationList = D94ACFA8216B79B600A942FA /* Build configuration list for PBXNativeTarget "PhotoGalleryUITests" */;
			buildPhases = (
				D94ACF95216B79B600A942FA /* Sources */,
				D94ACF96216B79B600A942FA /* Frameworks */,
				D94ACF97216B79B600A942FA /* Resources */,
			);
			buildRules = (
			);
			dependencies = (
				D94ACF9B216B79B600A942FA /* PBXTargetDependency */,
			);
			name = PhotoGalleryUITests;
			productName = PhotoGalleryUITests;
			productReference = D94ACF99216B79B600A942FA /* PhotoGalleryUITests.xctest */;
			productType = "com.apple.product-type.bundle.ui-testing";
		};
/* End PBXNativeTarget section */

/* Begin PBXProject section */
		D94ACF72216B79B500A942FA /* Project object */ = {
			isa = PBXProject;
			attributes = {
				LastSwiftUpdateCheck = 1000;
				LastUpgradeCheck = 1000;
				ORGANIZATIONNAME = dragonetail;
				TargetAttributes = {
					D94ACF79216B79B500A942FA = {
						CreatedOnToolsVersion = 10.0;
					};
					D94ACF8D216B79B600A942FA = {
						CreatedOnToolsVersion = 10.0;
						TestTargetID = D94ACF79216B79B500A942FA;
					};
					D94ACF98216B79B600A942FA = {
						CreatedOnToolsVersion = 10.0;
						TestTargetID = D94ACF79216B79B500A942FA;
					};
				};
			};
			buildConfigurationList = D94ACF75216B79B500A942FA /* Build configuration list for PBXProject "PhotoGallery" */;
			compatibilityVersion = "Xcode 9.3";
			developmentRegion = en;
			hasScannedForEncodings = 0;
			knownRegions = (
				en,
				Base,
			);
			mainGroup = D94ACF71216B79B500A942FA;
			productRefGroup = D94ACF7B216B79B500A942FA /* Products */;
			projectDirPath = "";
			projectRoot = "";
			targets = (
				D94ACF79216B79B500A942FA /* PhotoGallery */,
				D94ACF8D216B79B600A942FA /* PhotoGalleryTests */,
				D94ACF98216B79B600A942FA /* PhotoGalleryUITests */,
			);
		};
/* End PBXProject section */

/* Begin PBXResourcesBuildPhase section */
		D94ACF78216B79B500A942FA /* Resources */ = {
			isa = PBXResourcesBuildPhase;
			buildActionMask = 2147483647;
			files = (
				D94ACF88216B79B600A942FA /* LaunchScreen.storyboard in Resources */,
				D94ACF85216B79B600A942FA /* Assets.xcassets in Resources */,
				D94ACF83216B79B500A942FA /* Main.storyboard in Resources */,
			);
			runOnlyForDeploymentPostprocessing = 0;
		};
		D94ACF8C216B79B600A942FA /* Resources */ = {
			isa = PBXResourcesBuildPhase;
			buildActionMask = 2147483647;
			files = (
			);
			runOnlyForDeploymentPostprocessing = 0;
		};
		D94ACF97216B79B600A942FA /* Resources */ = {
			isa = PBXResourcesBuildPhase;
			buildActionMask = 2147483647;
			files = (
			);
			runOnlyForDeploymentPostprocessing = 0;
		};
/* End PBXResourcesBuildPhase section */

/* Begin PBXSourcesBuildPhase section */
		D94ACF76216B79B500A942FA /* Sources */ = {
			isa = PBXSourcesBuildPhase;
			buildActionMask = 2147483647;
			files = (
				D94ACF80216B79B500A942FA /* ViewController.swift in Sources */,
				D94ACF7E216B79B500A942FA /* AppDelegate.swift in Sources */,
			);
			runOnlyForDeploymentPostprocessing = 0;
		};
		D94ACF8A216B79B600A942FA /* Sources */ = {
			isa = PBXSourcesBuildPhase;
			buildActionMask = 2147483647;
			files = (
				D94ACF93216B79B600A942FA /* PhotoGalleryTests.swift in Sources */,
			);
			runOnlyForDeploymentPostprocessing = 0;
		};
		D94ACF95216B79B600A942FA /* Sources */ = {
			isa = PBXSourcesBuildPhase;
			buildActionMask = 2147483647;
			files = (
				D94ACF9E216B79B600A942FA /* PhotoGalleryUITests.swift in Sources */,
			);
			runOnlyForDeploymentPostprocessing = 0;
		};
/* End PBXSourcesBuildPhase section */

/* Begin PBXTargetDependency section */
		D94ACF90216B79B600A942FA /* PBXTargetDependency */ = {
			isa = PBXTargetDependency;
			target = D94ACF79216B79B500A942FA /* PhotoGallery */;
			targetProxy = D94ACF8F216B79B600A942FA /* PBXContainerItemProxy */;
		};
		D94ACF9B216B79B600A942FA /* PBXTargetDependency */ = {
			isa = PBXTargetDependency;
			target = D94ACF79216B79B500A942FA /* PhotoGallery */;
			targetProxy = D94ACF9A216B79B600A942FA /* PBXContainerItemProxy */;
		};
/* End PBXTargetDependency section */

/* Begin PBXVariantGroup section */
		D94ACF81216B79B500A942FA /* Main.storyboard */ = {
			isa = PBXVariantGroup;
			children = (
				D94ACF82216B79B500A942FA /* Base */,
			);
			name = Main.storyboard;
			sourceTree = "<group>";
		};
		D94ACF86216B79B600A942FA /* LaunchScreen.storyboard */ = {
			isa = PBXVariantGroup;
			children = (
				D94ACF87216B79B600A942FA /* Base */,
			);
			name = LaunchScreen.storyboard;
			sourceTree = "<group>";
		};
/* End PBXVariantGroup section */

/* Begin XCBuildConfiguration section */
		D94ACFA0216B79B600A942FA /* Debug */ = {
			isa = XCBuildConfiguration;
			buildSettings = {
				ALWAYS_SEARCH_USER_PATHS = NO;
				CLANG_ANALYZER_NONNULL = YES;
				CLANG_ANALYZER_NUMBER_OBJECT_CONVERSION = YES_AGGRESSIVE;
				CLANG_CXX_LANGUAGE_STANDARD = "gnu++14";
				CLANG_CXX_LIBRARY = "libc++";
				CLANG_ENABLE_MODULES = YES;
				CLANG_ENABLE_OBJC_ARC = YES;
				CLANG_ENABLE_OBJC_WEAK = YES;
				CLANG_WARN_BLOCK_CAPTURE_AUTORELEASING = YES;
				CLANG_WARN_BOOL_CONVERSION = YES;
				CLANG_WARN_COMMA = YES;
				CLANG_WARN_CONSTANT_CONVERSION = YES;
				CLANG_WARN_DEPRECATED_OBJC_IMPLEMENTATIONS = YES;
				CLANG_WARN_DIRECT_OBJC_ISA_USAGE = YES_ERROR;
				CLANG_WARN_DOCUMENTATION_COMMENTS = YES;
				CLANG_WARN_EMPTY_BODY = YES;
				CLANG_WARN_ENUM_CONVERSION = YES;
				CLANG_WARN_INFINITE_RECURSION = YES;
				CLANG_WARN_INT_CONVERSION = YES;
				CLANG_WARN_NON_LITERAL_NULL_CONVERSION = YES;
				CLANG_WARN_OBJC_IMPLICIT_RETAIN_SELF = YES;
				CLANG_WARN_OBJC_LITERAL_CONVERSION = YES;
				CLANG_WARN_OBJC_ROOT_CLASS = YES_ERROR;
				CLANG_WARN_RANGE_LOOP_ANALYSIS = YES;
				CLANG_WARN_STRICT_PROTOTYPES = YES;
				CLANG_WARN_SUSPICIOUS_MOVE = YES;
				CLANG_WARN_UNGUARDED_AVAILABILITY = YES_AGGRESSIVE;
				CLANG_WARN_UNREACHABLE_CODE = YES;
				CLANG_WARN__DUPLICATE_METHOD_MATCH = YES;
				CODE_SIGN_IDENTITY = "iPhone Developer";
				COPY_PHASE_STRIP = NO;
				DEBUG_INFORMATION_FORMAT = dwarf;
				ENABLE_STRICT_OBJC_MSGSEND = YES;
				ENABLE_TESTABILITY = YES;
				GCC_C_LANGUAGE_STANDARD = gnu11;
				GCC_DYNAMIC_NO_PIC = NO;
				GCC_NO_COMMON_BLOCKS = YES;
				GCC_OPTIMIZATION_LEVEL = 0;
				GCC_PREPROCESSOR_DEFINITIONS = (
					"DEBUG=1",
					"$(inherited)",
				);
				GCC_WARN_64_TO_32_BIT_CONVERSION = YES;
				GCC_WARN_ABOUT_RETURN_TYPE = YES_ERROR;
				GCC_WARN_UNDECLARED_SELECTOR = YES;
				GCC_WARN_UNINITIALIZED_AUTOS = YES_AGGRESSIVE;
				GCC_WARN_UNUSED_FUNCTION = YES;
				GCC_WARN_UNUSED_VARIABLE = YES;
				IPHONEOS_DEPLOYMENT_TARGET = 12.0;
				MTL_ENABLE_DEBUG_INFO = INCLUDE_SOURCE;
				MTL_FAST_MATH = YES;
				ONLY_ACTIVE_ARCH = YES;
				SDKROOT = iphoneos;
				SWIFT_ACTIVE_COMPILATION_CONDITIONS = DEBUG;
				SWIFT_OPTIMIZATION_LEVEL = "-Onone";
			};
			name = Debug;
		};
		D94ACFA1216B79B600A942FA /* Release */ = {
			isa = XCBuildConfiguration;
			buildSettings = {
				ALWAYS_SEARCH_USER_PATHS = NO;
				CLANG_ANALYZER_NONNULL = YES;
				CLANG_ANALYZER_NUMBER_OBJECT_CONVERSION = YES_AGGRESSIVE;
				CLANG_CXX_LANGUAGE_STANDARD = "gnu++14";
				CLANG_CXX_LIBRARY = "libc++";
				CLANG_ENABLE_MODULES = YES;
				CLANG_ENABLE_OBJC_ARC = YES;
				CLANG_ENABLE_OBJC_WEAK = YES;
				CLANG_WARN_BLOCK_CAPTURE_AUTORELEASING = YES;
				CLANG_WARN_BOOL_CONVERSION = YES;
				CLANG_WARN_COMMA = YES;
				CLANG_WARN_CONSTANT_CONVERSION = YES;
				CLANG_WARN_DEPRECATED_OBJC_IMPLEMENTATIONS = YES;
				CLANG_WARN_DIRECT_OBJC_ISA_USAGE = YES_ERROR;
				CLANG_WARN_DOCUMENTATION_COMMENTS = YES;
				CLANG_WARN_EMPTY_BODY = YES;
				CLANG_WARN_ENUM_CONVERSION = YES;
				CLANG_WARN_INFINITE_RECURSION = YES;
				CLANG_WARN_INT_CONVERSION = YES;
				CLANG_WARN_NON_LITERAL_NULL_CONVERSION = YES;
				CLANG_WARN_OBJC_IMPLICIT_RETAIN_SELF = YES;
				CLANG_WARN_OBJC_LITERAL_CONVERSION = YES;
				CLANG_WARN_OBJC_ROOT_CLASS = YES_ERROR;
				CLANG_WARN_RANGE_LOOP_ANALYSIS = YES;
				CLANG_WARN_STRICT_PROTOTYPES = YES;
				CLANG_WARN_SUSPICIOUS_MOVE = YES;
				CLANG_WARN_UNGUARDED_AVAILABILITY = YES_AGGRESSIVE;
				CLANG_WARN_UNREACHABLE_CODE = YES;
				CLANG_WARN__DUPLICATE_METHOD_MATCH = YES;
				CODE_SIGN_IDENTITY = "iPhone Developer";
				COPY_PHASE_STRIP = NO;
				DEBUG_INFORMATION_FORMAT = "dwarf-with-dsym";
				ENABLE_NS_ASSERTIONS = NO;
				ENABLE_STRICT_OBJC_MSGSEND = YES;
				GCC_C_LANGUAGE_STANDARD = gnu11;
				GCC_NO_COMMON_BLOCKS = YES;
				GCC_WARN_64_TO_32_BIT_CONVERSION = YES;
				GCC_WARN_ABOUT_RETURN_TYPE = YES_ERROR;
				GCC_WARN_UNDECLARED_SELECTOR = YES;
				GCC_WARN_UNINITIALIZED_AUTOS = YES_AGGRESSIVE;
				GCC_WARN_UNUSED_FUNCTION = YES;
				GCC_WARN_UNUSED_VARIABLE = YES;
				IPHONEOS_DEPLOYMENT_TARGET = 12.0;
				MTL_ENABLE_DEBUG_INFO = NO;
				MTL_FAST_MATH = YES;
				SDKROOT = iphoneos;
				SWIFT_COMPILATION_MODE = wholemodule;
				SWIFT_OPTIMIZATION_LEVEL = "-O";
				VALIDATE_PRODUCT = YES;
			};
			name = Release;
		};
		D94ACFA3216B79B600A942FA /* Debug */ = {
			isa = XCBuildConfiguration;
			buildSettings = {
				ASSETCATALOG_COMPILER_APPICON_NAME = AppIcon;
				CODE_SIGN_STYLE = Automatic;
				INFOPLIST_FILE = PhotoGallery/Info.plist;
				LD_RUNPATH_SEARCH_PATHS = (
					"$(inherited)",
					"@executable_path/Frameworks",
				);
				PRODUCT_BUNDLE_IDENTIFIER = com.lds.PhotoGallery;
				PRODUCT_NAME = "$(TARGET_NAME)";
				SWIFT_VERSION = 4.2;
				TARGETED_DEVICE_FAMILY = "1,2";
			};
			name = Debug;
		};
		D94ACFA4216B79B600A942FA /* Release */ = {
			isa = XCBuildConfiguration;
			buildSettings = {
				ASSETCATALOG_COMPILER_APPICON_NAME = AppIcon;
				CODE_SIGN_STYLE = Automatic;
				INFOPLIST_FILE = PhotoGallery/Info.plist;
				LD_RUNPATH_SEARCH_PATHS = (
					"$(inherited)",
					"@executable_path/Frameworks",
				);
				PRODUCT_BUNDLE_IDENTIFIER = com.lds.PhotoGallery;
				PRODUCT_NAME = "$(TARGET_NAME)";
				SWIFT_VERSION = 4.2;
				TARGETED_DEVICE_FAMILY = "1,2";
			};
			name = Release;
		};
		D94ACFA6216B79B600A942FA /* Debug */ = {
			isa = XCBuildConfiguration;
			buildSettings = {
				ALWAYS_EMBED_SWIFT_STANDARD_LIBRARIES = YES;
				BUNDLE_LOADER = "$(TEST_HOST)";
				CODE_SIGN_STYLE = Automatic;
				INFOPLIST_FILE = PhotoGalleryTests/Info.plist;
				LD_RUNPATH_SEARCH_PATHS = (
					"$(inherited)",
					"@executable_path/Frameworks",
					"@loader_path/Frameworks",
				);
				PRODUCT_BUNDLE_IDENTIFIER = com.lds.PhotoGalleryTests;
				PRODUCT_NAME = "$(TARGET_NAME)";
				SWIFT_VERSION = 4.2;
				TARGETED_DEVICE_FAMILY = "1,2";
				TEST_HOST = "$(BUILT_PRODUCTS_DIR)/PhotoGallery.app/PhotoGallery";
			};
			name = Debug;
		};
		D94ACFA7216B79B600A942FA /* Release */ = {
			isa = XCBuildConfiguration;
			buildSettings = {
				ALWAYS_EMBED_SWIFT_STANDARD_LIBRARIES = YES;
				BUNDLE_LOADER = "$(TEST_HOST)";
				CODE_SIGN_STYLE = Automatic;
				INFOPLIST_FILE = PhotoGalleryTests/Info.plist;
				LD_RUNPATH_SEARCH_PATHS = (
					"$(inherited)",
					"@executable_path/Frameworks",
					"@loader_path/Frameworks",
				);
				PRODUCT_BUNDLE_IDENTIFIER = com.lds.PhotoGalleryTests;
				PRODUCT_NAME = "$(TARGET_NAME)";
				SWIFT_VERSION = 4.2;
				TARGETED_DEVICE_FAMILY = "1,2";
				TEST_HOST = "$(BUILT_PRODUCTS_DIR)/PhotoGallery.app/PhotoGallery";
			};
			name = Release;
		};
		D94ACFA9216B79B600A942FA /* Debug */ = {
			isa = XCBuildConfiguration;
			buildSettings = {
				ALWAYS_EMBED_SWIFT_STANDARD_LIBRARIES = YES;
				CODE_SIGN_STYLE = Automatic;
				INFOPLIST_FILE = PhotoGalleryUITests/Info.plist;
				LD_RUNPATH_SEARCH_PATHS = (
					"$(inherited)",
					"@executable_path/Frameworks",
					"@loader_path/Frameworks",
				);
				PRODUCT_BUNDLE_IDENTIFIER = com.lds.PhotoGalleryUITests;
				PRODUCT_NAME = "$(TARGET_NAME)";
				SWIFT_VERSION = 4.2;
				TARGETED_DEVICE_FAMILY = "1,2";
				TEST_TARGET_NAME = PhotoGallery;
			};
			name = Debug;
		};
		D94ACFAA216B79B600A942FA /* Release */ = {
			isa = XCBuildConfiguration;
			buildSettings = {
				ALWAYS_EMBED_SWIFT_STANDARD_LIBRARIES = YES;
				CODE_SIGN_STYLE = Automatic;
				INFOPLIST_FILE = PhotoGalleryUITests/Info.plist;
				LD_RUNPATH_SEARCH_PATHS = (
					"$(inherited)",
					"@executable_path/Frameworks",
					"@loader_path/Frameworks",
				);
				PRODUCT_BUNDLE_IDENTIFIER = com.lds.PhotoGalleryUITests;
				PRODUCT_NAME = "$(TARGET_NAME)";
				SWIFT_VERSION = 4.2;
				TARGETED_DEVICE_FAMILY = "1,2";
				TEST_TARGET_NAME = PhotoGallery;
			};
			name = Release;
		};
/* End XCBuildConfiguration section */

/* Begin XCConfigurationList section */
		D94ACF75216B79B500A942FA /* Build configuration list for PBXProject "PhotoGallery" */ = {
			isa = XCConfigurationList;
			buildConfigurations = (
				D94ACFA0216B79B600A942FA /* Debug */,
				D94ACFA1216B79B600A942FA /* Release */,
			);
			defaultConfigurationIsVisible = 0;
			defaultConfigurationName = Release;
		};
		D94ACFA2216B79B600A942FA /* Build configuration list for PBXNativeTarget "PhotoGallery" */ = {
			isa = XCConfigurationList;
			buildConfigurations = (
				D94ACFA3216B79B600A942FA /* Debug */,
				D94ACFA4216B79B600A942FA /* Release */,
			);
			defaultConfigurationIsVisible = 0;
			defaultConfigurationName = Release;
		};
		D94ACFA5216B79B600A942FA /* Build configuration list for PBXNativeTarget "PhotoGalleryTests" */ = {
			isa = XCConfigurationList;
			buildConfigurations = (
				D94ACFA6216B79B600A942FA /* Debug */,
				D94ACFA7216B79B600A942FA /* Release */,
			);
			defaultConfigurationIsVisible = 0;
			defaultConfigurationName = Release;
		};
		D94ACFA8216B79B600A942FA /* Build configuration list for PBXNativeTarget "PhotoGalleryUITests" */ = {
			isa = XCConfigurationList;
			buildConfigurations = (
				D94ACFA9216B79B600A942FA /* Debug */,
				D94ACFAA216B79B600A942FA /* Release */,
			);
			defaultConfigurationIsVisible = 0;
			defaultConfigurationName = Release;
		};
/* End XCConfigurationList section */
	};
	rootObject = D94ACF72216B79B500A942FA /* Project object */;
}
